
Microsoft Visual Studio Solution File, Format Version 12.00
# Visual Studio Version 17
VisualStudioVersion = 17.6.33815.320
MinimumVisualStudioVersion = 10.0.40219.1
Project("{FAE04EC0-301F-11D3-BF4B-00C04F79EFBC}") = "Game", "Game\Game.csproj", "{FF0500C4-5FA3-41B8-BAF2-0C208BC06F34}"
EndProject
Global
	GlobalSection(SolutionConfigurationPlatforms) = preSolution
		Debug|Any CPU = Debug|Any CPU
		Release|Any CPU = Release|Any CPU
	EndGlobalSection
	GlobalSection(ProjectConfigurationPlatforms) = postSolution
		{FF0500C4-5FA3-41B8-BAF2-0C208BC06F34}.Debug|Any CPU.ActiveCfg = Debug|Any CPU
		{FF0500C4-5FA3-41B8-BAF2-0C208BC06F34}.Debug|Any CPU.Build.0 = Debug|Any CPU
		{FF0500C4-5FA3-41B8-BAF2-0C208BC06F34}.Release|Any CPU.ActiveCfg = Release|Any CPU
		{FF0500C4-5FA3-41B8-BAF2-0C208BC06F34}.Release|Any CPU.Build.0 = Release|Any CPU
	EndGlobalSection
	GlobalSection(SolutionProperties) = preSolution
		HideSolutionNode = FALSE
	EndGlobalSection
	GlobalSection(ExtensibilityGlobals) = postSolution
		SolutionGuid = {2C087A37-8609-4D1E-8F0E-F6DD1C9A2BD4}
	EndGlobalSection
EndGlobal
